
Microsoft Visual Studio Solution File, Format Version 12.00
# Visual Studio Version 17
VisualStudioVersion = 17.13.35617.110 d17.13
MinimumVisualStudioVersion = 10.0.40219.1
Project("{FAE04EC0-301F-11D3-BF4B-00C04F79EFBC}") = "OllamaBenchmark", "OllamaBenchmark\OllamaBenchmark.csproj", "{BD5DA445-2CFC-499D-B029-4DED1C8E10AD}"
EndProject
Global
	GlobalSection(SolutionConfigurationPlatforms) = preSolution
		Debug|Any CPU = Debug|Any CPU
		Release|Any CPU = Release|Any CPU
	EndGlobalSection
	GlobalSection(ProjectConfigurationPlatforms) = postSolution
		{BD5DA445-2CFC-499D-B029-4DED1C8E10AD}.Debug|Any CPU.ActiveCfg = Debug|Any CPU
		{BD5DA445-2CFC-499D-B029-4DED1C8E10AD}.Debug|Any CPU.Build.0 = Debug|Any CPU
		{BD5DA445-2CFC-499D-B029-4DED1C8E10AD}.Release|Any CPU.ActiveCfg = Release|Any CPU
		{BD5DA445-2CFC-499D-B029-4DED1C8E10AD}.Release|Any CPU.Build.0 = Release|Any CPU
	EndGlobalSection
	GlobalSection(SolutionProperties) = preSolution
		HideSolutionNode = FALSE
	EndGlobalSection
	GlobalSection(ExtensibilityGlobals) = postSolution
		SolutionGuid = {4E92255E-4B70-472C-9984-9B93223CB87C}
	EndGlobalSection
EndGlobal
